
Microsoft Visual Studio Solution File, Format Version 12.00
# Visual Studio Version 17
VisualStudioVersion = 17.0.31903.59
MinimumVisualStudioVersion = 10.0.40219.1
Project("{FAE04EC0-301F-11D3-BF4B-00C04F79EFBC}") = "API", "API\API.csproj", "{C148165B-08DD-4F64-895C-9E8F3CA5FB53}"
EndProject
Project("{FAE04EC0-301F-11D3-BF4B-00C04F79EFBC}") = "Core", "Core\Core.csproj", "{F7FB8929-E584-4FF7-AC38-1DE0A6AD8500}"
EndProject
Project("{FAE04EC0-301F-11D3-BF4B-00C04F79EFBC}") = "Infrastructure", "Infrastructure\Infrastructure.csproj", "{6056FF64-6A66-4751-8E97-C6F9C5821FD8}"
EndProject
Global
	GlobalSection(SolutionConfigurationPlatforms) = preSolution
		Debug|Any CPU = Debug|Any CPU
		Release|Any CPU = Release|Any CPU
	EndGlobalSection
	GlobalSection(SolutionProperties) = preSolution
		HideSolutionNode = FALSE
	EndGlobalSection
	GlobalSection(ProjectConfigurationPlatforms) = postSolution
		{C148165B-08DD-4F64-895C-9E8F3CA5FB53}.Debug|Any CPU.ActiveCfg = Debug|Any CPU
		{C148165B-08DD-4F64-895C-9E8F3CA5FB53}.Debug|Any CPU.Build.0 = Debug|Any CPU
		{C148165B-08DD-4F64-895C-9E8F3CA5FB53}.Release|Any CPU.ActiveCfg = Release|Any CPU
		{C148165B-08DD-4F64-895C-9E8F3CA5FB53}.Release|Any CPU.Build.0 = Release|Any CPU
		{F7FB8929-E584-4FF7-AC38-1DE0A6AD8500}.Debug|Any CPU.ActiveCfg = Debug|Any CPU
		{F7FB8929-E584-4FF7-AC38-1DE0A6AD8500}.Debug|Any CPU.Build.0 = Debug|Any CPU
		{F7FB8929-E584-4FF7-AC38-1DE0A6AD8500}.Release|Any CPU.ActiveCfg = Release|Any CPU
		{F7FB8929-E584-4FF7-AC38-1DE0A6AD8500}.Release|Any CPU.Build.0 = Release|Any CPU
		{6056FF64-6A66-4751-8E97-C6F9C5821FD8}.Debug|Any CPU.ActiveCfg = Debug|Any CPU
		{6056FF64-6A66-4751-8E97-C6F9C5821FD8}.Debug|Any CPU.Build.0 = Debug|Any CPU
		{6056FF64-6A66-4751-8E97-C6F9C5821FD8}.Release|Any CPU.ActiveCfg = Release|Any CPU
		{6056FF64-6A66-4751-8E97-C6F9C5821FD8}.Release|Any CPU.Build.0 = Release|Any CPU
	EndGlobalSection
EndGlobal
